
Microsoft Visual Studio Solution File, Format Version 12.00
# Visual Studio Version 16
VisualStudioVersion = 16.0.30907.101
MinimumVisualStudioVersion = 10.0.40219.1
Project("{FAE04EC0-301F-11D3-BF4B-00C04F79EFBC}") = "DesignEngineer.UWP", "DesignEngineer\DesignEngineer.UWP\DesignEngineer.UWP.csproj", "{3A160FB7-E841-4214-9544-56CDBBF9B0D4}"
EndProject
Project("{FAE04EC0-301F-11D3-BF4B-00C04F79EFBC}") = "DesignEngineer.Android", "DesignEngineer\DesignEngineer.Android\DesignEngineer.Android.csproj", "{323D5E1A-7BFC-48BE-82FC-9D17339DE13B}"
EndProject
Project("{FAE04EC0-301F-11D3-BF4B-00C04F79EFBC}") = "DesignEngineer.iOS", "DesignEngineer\DesignEngineer.iOS\DesignEngineer.iOS.csproj", "{0E42CC60-A80A-4981-AD88-EA9B19501B00}"
EndProject
Project("{FAE04EC0-301F-11D3-BF4B-00C04F79EFBC}") = "DesignEngineer", "DesignEngineer\DesignEngineer\DesignEngineer.csproj", "{19438C3A-EC23-492B-A1E5-A5A99FF17EA9}"
EndProject
Global
	GlobalSection(SolutionConfigurationPlatforms) = preSolution
		Debug|Any CPU = Debug|Any CPU
		Debug|ARM = Debug|ARM
		Debug|iPhone = Debug|iPhone
		Debug|iPhoneSimulator = Debug|iPhoneSimulator
		Debug|x64 = Debug|x64
		Debug|x86 = Debug|x86
		Release|Any CPU = Release|Any CPU
		Release|ARM = Release|ARM
		Release|iPhone = Release|iPhone
		Release|iPhoneSimulator = Release|iPhoneSimulator
		Release|x64 = Release|x64
		Release|x86 = Release|x86
	EndGlobalSection
	GlobalSection(ProjectConfigurationPlatforms) = postSolution
		{3A160FB7-E841-4214-9544-56CDBBF9B0D4}.Debug|Any CPU.ActiveCfg = Debug|x86
		{3A160FB7-E841-4214-9544-56CDBBF9B0D4}.Debug|Any CPU.Build.0 = Debug|x86
		{3A160FB7-E841-4214-9544-56CDBBF9B0D4}.Debug|Any CPU.Deploy.0 = Debug|x86
		{3A160FB7-E841-4214-9544-56CDBBF9B0D4}.Debug|ARM.ActiveCfg = Debug|ARM
		{3A160FB7-E841-4214-9544-56CDBBF9B0D4}.Debug|ARM.Build.0 = Debug|ARM
		{3A160FB7-E841-4214-9544-56CDBBF9B0D4}.Debug|ARM.Deploy.0 = Debug|ARM
		{3A160FB7-E841-4214-9544-56CDBBF9B0D4}.Debug|iPhone.ActiveCfg = Debug|x86
		{3A160FB7-E841-4214-9544-56CDBBF9B0D4}.Debug|iPhone.Build.0 = Debug|x86
		{3A160FB7-E841-4214-9544-56CDBBF9B0D4}.Debug|iPhone.Deploy.0 = Debug|x86
		{3A160FB7-E841-4214-9544-56CDBBF9B0D4}.Debug|iPhoneSimulator.ActiveCfg = Debug|x86
		{3A160FB7-E841-4214-9544-56CDBBF9B0D4}.Debug|iPhoneSimulator.Build.0 = Debug|x86
		{3A160FB7-E841-4214-9544-56CDBBF9B0D4}.Debug|iPhoneSimulator.Deploy.0 = Debug|x86
		{3A160FB7-E841-4214-9544-56CDBBF9B0D4}.Debug|x64.ActiveCfg = Debug|x64
		{3A160FB7-E841-4214-9544-56CDBBF9B0D4}.Debug|x64.Build.0 = Debug|x64
		{3A160FB7-E841-4214-9544-56CDBBF9B0D4}.Debug|x64.Deploy.0 = Debug|x64
		{3A160FB7-E841-4214-9544-56CDBBF9B0D4}.Debug|x86.ActiveCfg = Debug|x86
		{3A160FB7-E841-4214-9544-56CDBBF9B0D4}.Debug|x86.Build.0 = Debug|x86
		{3A160FB7-E841-4214-9544-56CDBBF9B0D4}.Debug|x86.Deploy.0 = Debug|x86
		{3A160FB7-E841-4214-9544-56CDBBF9B0D4}.Release|Any CPU.ActiveCfg = Release|x86
		{3A160FB7-E841-4214-9544-56CDBBF9B0D4}.Release|Any CPU.Build.0 = Release|x86
		{3A160FB7-E841-4214-9544-56CDBBF9B0D4}.Release|Any CPU.Deploy.0 = Release|x86
		{3A160FB7-E841-4214-9544-56CDBBF9B0D4}.Release|ARM.ActiveCfg = Release|ARM
		{3A160FB7-E841-4214-9544-56CDBBF9B0D4}.Release|ARM.Build.0 = Release|ARM
		{3A160FB7-E841-4214-9544-56CDBBF9B0D4}.Release|ARM.Deploy.0 = Release|ARM
		{3A160FB7-E841-4214-9544-56CDBBF9B0D4}.Release|iPhone.ActiveCfg = Release|x86
		{3A160FB7-E841-4214-9544-56CDBBF9B0D4}.Release|iPhone.Build.0 = Release|x86
		{3A160FB7-E841-4214-9544-56CDBBF9B0D4}.Release|iPhone.Deploy.0 = Release|x86
		{3A160FB7-E841-4214-9544-56CDBBF9B0D4}.Release|iPhoneSimulator.ActiveCfg = Release|x86
		{3A160FB7-E841-4214-9544-56CDBBF9B0D4}.Release|iPhoneSimulator.Build.0 = Release|x86
		{3A160FB7-E841-4214-9544-56CDBBF9B0D4}.Release|iPhoneSimulator.Deploy.0 = Release|x86
		{3A160FB7-E841-4214-9544-56CDBBF9B0D4}.Release|x64.ActiveCfg = Release|x64
		{3A160FB7-E841-4214-9544-56CDBBF9B0D4}.Release|x64.Build.0 = Release|x64
		{3A160FB7-E841-4214-9544-56CDBBF9B0D4}.Release|x64.Deploy.0 = Release|x64
		{3A160FB7-E841-4214-9544-56CDBBF9B0D4}.Release|x86.ActiveCfg = Release|x86
		{3A160FB7-E841-4214-9544-56CDBBF9B0D4}.Release|x86.Build.0 = Release|x86
		{3A160FB7-E841-4214-9544-56CDBBF9B0D4}.Release|x86.Deploy.0 = Release|x86
		{323D5E1A-7BFC-48BE-82FC-9D17339DE13B}.Debug|Any CPU.ActiveCfg = Debug|Any CPU
		{323D5E1A-7BFC-48BE-82FC-9D17339DE13B}.Debug|Any CPU.Build.0 = Debug|Any CPU
		{323D5E1A-7BFC-48BE-82FC-9D17339DE13B}.Debug|Any CPU.Deploy.0 = Debug|Any CPU
		{323D5E1A-7BFC-48BE-82FC-9D17339DE13B}.Debug|ARM.ActiveCfg = Debug|Any CPU
		{323D5E1A-7BFC-48BE-82FC-9D17339DE13B}.Debug|ARM.Build.0 = Debug|Any CPU
		{323D5E1A-7BFC-48BE-82FC-9D17339DE13B}.Debug|ARM.Deploy.0 = Debug|Any CPU
		{323D5E1A-7BFC-48BE-82FC-9D17339DE13B}.Debug|iPhone.ActiveCfg = Debug|Any CPU
		{323D5E1A-7BFC-48BE-82FC-9D17339DE13B}.Debug|iPhone.Build.0 = Debug|Any CPU
		{323D5E1A-7BFC-48BE-82FC-9D17339DE13B}.Debug|iPhone.Deploy.0 = Debug|Any CPU
		{323D5E1A-7BFC-48BE-82FC-9D17339DE13B}.Debug|iPhoneSimulator.ActiveCfg = Debug|Any CPU
		{323D5E1A-7BFC-48BE-82FC-9D17339DE13B}.Debug|iPhoneSimulator.Build.0 = Debug|Any CPU
		{323D5E1A-7BFC-48BE-82FC-9D17339DE13B}.Debug|iPhoneSimulator.Deploy.0 = Debug|Any CPU
		{323D5E1A-7BFC-48BE-82FC-9D17339DE13B}.Debug|x64.ActiveCfg = Debug|Any CPU
		{323D5E1A-7BFC-48BE-82FC-9D17339DE13B}.Debug|x64.Build.0 = Debug|Any CPU
		{323D5E1A-7BFC-48BE-82FC-9D17339DE13B}.Debug|x64.Deploy.0 = Debug|Any CPU
		{323D5E1A-7BFC-48BE-82FC-9D17339DE13B}.Debug|x86.ActiveCfg = Debug|Any CPU
		{323D5E1A-7BFC-48BE-82FC-9D17339DE13B}.Debug|x86.Build.0 = Debug|Any CPU
		{323D5E1A-7BFC-48BE-82FC-9D17339DE13B}.Debug|x86.Deploy.0 = Debug|Any CPU
		{323D5E1A-7BFC-48BE-82FC-9D17339DE13B}.Release|Any CPU.ActiveCfg = Release|Any CPU
		{323D5E1A-7BFC-48BE-82FC-9D17339DE13B}.Release|Any CPU.Build.0 = Release|Any CPU
		{323D5E1A-7BFC-48BE-82FC-9D17339DE13B}.Release|Any CPU.Deploy.0 = Release|Any CPU
		{323D5E1A-7BFC-48BE-82FC-9D17339DE13B}.Release|ARM.ActiveCfg = Release|Any CPU
		{323D5E1A-7BFC-48BE-82FC-9D17339DE13B}.Release|ARM.Build.0 = Release|Any CPU
		{323D5E1A-7BFC-48BE-82FC-9D17339DE13B}.Release|ARM.Deploy.0 = Release|Any CPU
		{323D5E1A-7BFC-48BE-82FC-9D17339DE13B}.Release|iPhone.ActiveCfg = Release|Any CPU
		{323D5E1A-7BFC-48BE-82FC-9D17339DE13B}.Release|iPhone.Build.0 = Release|Any CPU
		{323D5E1A-7BFC-48BE-82FC-9D17339DE13B}.Release|iPhone.Deploy.0 = Release|Any CPU
		{323D5E1A-7BFC-48BE-82FC-9D17339DE13B}.Release|iPhoneSimulator.ActiveCfg = Release|Any CPU
		{323D5E1A-7BFC-48BE-82FC-9D17339DE13B}.Release|iPhoneSimulator.Build.0 = Release|Any CPU
		{323D5E1A-7BFC-48BE-82FC-9D17339DE13B}.Release|iPhoneSimulator.Deploy.0 = Release|Any CPU
		{323D5E1A-7BFC-48BE-82FC-9D17339DE13B}.Release|x64.ActiveCfg = Release|Any CPU
		{323D5E1A-7BFC-48BE-82FC-9D17339DE13B}.Release|x64.Build.0 = Release|Any CPU
		{323D5E1A-7BFC-48BE-82FC-9D17339DE13B}.Release|x64.Deploy.0 = Release|Any CPU
		{323D5E1A-7BFC-48BE-82FC-9D17339DE13B}.Release|x86.ActiveCfg = Release|Any CPU
		{323D5E1A-7BFC-48BE-82FC-9D17339DE13B}.Release|x86.Build.0 = Release|Any CPU
		{323D5E1A-7BFC-48BE-82FC-9D17339DE13B}.Release|x86.Deploy.0 = Release|Any CPU
		{0E42CC60-A80A-4981-AD88-EA9B19501B00}.Debug|Any CPU.ActiveCfg = Debug|iPhoneSimulator
		{0E42CC60-A80A-4981-AD88-EA9B19501B00}.Debug|Any CPU.Build.0 = Debug|iPhoneSimulator
		{0E42CC60-A80A-4981-AD88-EA9B19501B00}.Debug|Any CPU.Deploy.0 = Debug|iPhoneSimulator
		{0E42CC60-A80A-4981-AD88-EA9B19501B00}.Debug|ARM.ActiveCfg = Debug|iPhone
		{0E42CC60-A80A-4981-AD88-EA9B19501B00}.Debug|ARM.Build.0 = Debug|iPhone
		{0E42CC60-A80A-4981-AD88-EA9B19501B00}.Debug|ARM.Deploy.0 = Debug|iPhone
		{0E42CC60-A80A-4981-AD88-EA9B19501B00}.Debug|iPhone.ActiveCfg = Debug|iPhone
		{0E42CC60-A80A-4981-AD88-EA9B19501B00}.Debug|iPhone.Build.0 = Debug|iPhone
		{0E42CC60-A80A-4981-AD88-EA9B19501B00}.Debug|iPhone.Deploy.0 = Debug|iPhone
		{0E42CC60-A80A-4981-AD88-EA9B19501B00}.Debug|iPhoneSimulator.ActiveCfg = Debug|iPhoneSimulator
		{0E42CC60-A80A-4981-AD88-EA9B19501B00}.Debug|iPhoneSimulator.Build.0 = Debug|iPhoneSimulator
		{0E42CC60-A80A-4981-AD88-EA9B19501B00}.Debug|iPhoneSimulator.Deploy.0 = Debug|iPhoneSimulator
		{0E42CC60-A80A-4981-AD88-EA9B19501B00}.Debug|x64.ActiveCfg = Debug|iPhoneSimulator
		{0E42CC60-A80A-4981-AD88-EA9B19501B00}.Debug|x64.Build.0 = Debug|iPhoneSimulator
		{0E42CC60-A80A-4981-AD88-EA9B19501B00}.Debug|x64.Deploy.0 = Debug|iPhoneSimulator
		{0E42CC60-A80A-4981-AD88-EA9B19501B00}.Debug|x86.ActiveCfg = Debug|iPhoneSimulator
		{0E42CC60-A80A-4981-AD88-EA9B19501B00}.Debug|x86.Build.0 = Debug|iPhoneSimulator
		{0E42CC60-A80A-4981-AD88-EA9B19501B00}.Debug|x86.Deploy.0 = Debug|iPhoneSimulator
		{0E42CC60-A80A-4981-AD88-EA9B19501B00}.Release|Any CPU.ActiveCfg = Release|iPhoneSimulator
		{0E42CC60-A80A-4981-AD88-EA9B19501B00}.Release|Any CPU.Build.0 = Release|iPhoneSimulator
		{0E42CC60-A80A-4981-AD88-EA9B19501B00}.Release|Any CPU.Deploy.0 = Release|iPhoneSimulator
		{0E42CC60-A80A-4981-AD88-EA9B19501B00}.Release|ARM.ActiveCfg = Release|iPhoneSimulator
		{0E42CC60-A80A-4981-AD88-EA9B19501B00}.Release|ARM.Build.0 = Release|iPhoneSimulator
		{0E42CC60-A80A-4981-AD88-EA9B19501B00}.Release|ARM.Deploy.0 = Release|iPhoneSimulator
		{0E42CC60-A80A-4981-AD88-EA9B19501B00}.Release|iPhone.ActiveCfg = Release|iPhone
		{0E42CC60-A80A-4981-AD88-EA9B19501B00}.Release|iPhone.Build.0 = Release|iPhone
		{0E42CC60-A80A-4981-AD88-EA9B19501B00}.Release|iPhone.Deploy.0 = Release|iPhone
		{0E42CC60-A80A-4981-AD88-EA9B19501B00}.Release|iPhoneSimulator.ActiveCfg = Release|iPhoneSimulator
		{0E42CC60-A80A-4981-AD88-EA9B19501B00}.Release|iPhoneSimulator.Build.0 = Release|iPhoneSimulator
		{0E42CC60-A80A-4981-AD88-EA9B19501B00}.Release|iPhoneSimulator.Deploy.0 = Release|iPhoneSimulator
		{0E42CC60-A80A-4981-AD88-EA9B19501B00}.Release|x64.ActiveCfg = Release|iPhoneSimulator
		{0E42CC60-A80A-4981-AD88-EA9B19501B00}.Release|x64.Build.0 = Release|iPhoneSimulator
		{0E42CC60-A80A-4981-AD88-EA9B19501B00}.Release|x64.Deploy.0 = Release|iPhoneSimulator
		{0E42CC60-A80A-4981-AD88-EA9B19501B00}.Release|x86.ActiveCfg = Release|iPhoneSimulator
		{0E42CC60-A80A-4981-AD88-EA9B19501B00}.Release|x86.Build.0 = Release|iPhoneSimulator
		{0E42CC60-A80A-4981-AD88-EA9B19501B00}.Release|x86.Deploy.0 = Release|iPhoneSimulator
		{19438C3A-EC23-492B-A1E5-A5A99FF17EA9}.Debug|Any CPU.ActiveCfg = Debug|Any CPU
		{19438C3A-EC23-492B-A1E5-A5A99FF17EA9}.Debug|Any CPU.Build.0 = Debug|Any CPU
		{19438C3A-EC23-492B-A1E5-A5A99FF17EA9}.Debug|Any CPU.Deploy.0 = Debug|Any CPU
		{19438C3A-EC23-492B-A1E5-A5A99FF17EA9}.Debug|ARM.ActiveCfg = Debug|Any CPU
		{19438C3A-EC23-492B-A1E5-A5A99FF17EA9}.Debug|ARM.Build.0 = Debug|Any CPU
		{19438C3A-EC23-492B-A1E5-A5A99FF17EA9}.Debug|ARM.Deploy.0 = Debug|Any CPU
		{19438C3A-EC23-492B-A1E5-A5A99FF17EA9}.Debug|iPhone.ActiveCfg = Debug|Any CPU
		{19438C3A-EC23-492B-A1E5-A5A99FF17EA9}.Debug|iPhone.Build.0 = Debug|Any CPU
		{19438C3A-EC23-492B-A1E5-A5A99FF17EA9}.Debug|iPhone.Deploy.0 = Debug|Any CPU
		{19438C3A-EC23-492B-A1E5-A5A99FF17EA9}.Debug|iPhoneSimulator.ActiveCfg = Debug|Any CPU
		{19438C3A-EC23-492B-A1E5-A5A99FF17EA9}.Debug|iPhoneSimulator.Build.0 = Debug|Any CPU
		{19438C3A-EC23-492B-A1E5-A5A99FF17EA9}.Debug|iPhoneSimulator.Deploy.0 = Debug|Any CPU
		{19438C3A-EC23-492B-A1E5-A5A99FF17EA9}.Debug|x64.ActiveCfg = Debug|Any CPU
		{19438C3A-EC23-492B-A1E5-A5A99FF17EA9}.Debug|x64.Build.0 = Debug|Any CPU
		{19438C3A-EC23-492B-A1E5-A5A99FF17EA9}.Debug|x64.Deploy.0 = Debug|Any CPU
		{19438C3A-EC23-492B-A1E5-A5A99FF17EA9}.Debug|x86.ActiveCfg = Debug|Any CPU
		{19438C3A-EC23-492B-A1E5-A5A99FF17EA9}.Debug|x86.Build.0 = Debug|Any CPU
		{19438C3A-EC23-492B-A1E5-A5A99FF17EA9}.Debug|x86.Deploy.0 = Debug|Any CPU
		{19438C3A-EC23-492B-A1E5-A5A99FF17EA9}.Release|Any CPU.ActiveCfg = Release|Any CPU
		{19438C3A-EC23-492B-A1E5-A5A99FF17EA9}.Release|Any CPU.Build.0 = Release|Any CPU
		{19438C3A-EC23-492B-A1E5-A5A99FF17EA9}.Release|Any CPU.Deploy.0 = Release|Any CPU
		{19438C3A-EC23-492B-A1E5-A5A99FF17EA9}.Release|ARM.ActiveCfg = Release|Any CPU
		{19438C3A-EC23-492B-A1E5-A5A99FF17EA9}.Release|ARM.Build.0 = Release|Any CPU
		{19438C3A-EC23-492B-A1E5-A5A99FF17EA9}.Release|ARM.Deploy.0 = Release|Any CPU
		{19438C3A-EC23-492B-A1E5-A5A99FF17EA9}.Release|iPhone.ActiveCfg = Release|Any CPU
		{19438C3A-EC23-492B-A1E5-A5A99FF17EA9}.Release|iPhone.Build.0 = Release|Any CPU
		{19438C3A-EC23-492B-A1E5-A5A99FF17EA9}.Release|iPhone.Deploy.0 = Release|Any CPU
		{19438C3A-EC23-492B-A1E5-A5A99FF17EA9}.Release|iPhoneSimulator.ActiveCfg = Release|Any CPU
		{19438C3A-EC23-492B-A1E5-A5A99FF17EA9}.Release|iPhoneSimulator.Build.0 = Release|Any CPU
		{19438C3A-EC23-492B-A1E5-A5A99FF17EA9}.Release|iPhoneSimulator.Deploy.0 = Release|Any CPU
		{19438C3A-EC23-492B-A1E5-A5A99FF17EA9}.Release|x64.ActiveCfg = Release|Any CPU
		{19438C3A-EC23-492B-A1E5-A5A99FF17EA9}.Release|x64.Build.0 = Release|Any CPU
		{19438C3A-EC23-492B-A1E5-A5A99FF17EA9}.Release|x64.Deploy.0 = Release|Any CPU
		{19438C3A-EC23-492B-A1E5-A5A99FF17EA9}.Release|x86.ActiveCfg = Release|Any CPU
		{19438C3A-EC23-492B-A1E5-A5A99FF17EA9}.Release|x86.Build.0 = Release|Any CPU
		{19438C3A-EC23-492B-A1E5-A5A99FF17EA9}.Release|x86.Deploy.0 = Release|Any CPU
	EndGlobalSection
	GlobalSection(SolutionProperties) = preSolution
		HideSolutionNode = FALSE
	EndGlobalSection
	GlobalSection(ExtensibilityGlobals) = postSolution
		SolutionGuid = {0CA46278-9349-4210-827F-BF0A2F7D94EB}
	EndGlobalSection
EndGlobal
